
Microsoft Visual Studio Solution File, Format Version 12.00
# Visual Studio 2013
VisualStudioVersion = 12.0.31101.0
MinimumVisualStudioVersion = 10.0.40219.1
Project("{FAE04EC0-301F-11D3-BF4B-00C04F79EFBC}") = "audio-output-recorder", "audio-output-recorder\audio-output-recorder.csproj", "{CBC01FA9-A71D-4009-82F0-7E9B9ECF92F4}"
EndProject
Global
	GlobalSection(SolutionConfigurationPlatforms) = preSolution
		Debug|Any CPU = Debug|Any CPU
		Release|Any CPU = Release|Any CPU
	EndGlobalSection
	GlobalSection(ProjectConfigurationPlatforms) = postSolution
		{CBC01FA9-A71D-4009-82F0-7E9B9ECF92F4}.Debug|Any CPU.ActiveCfg = Debug|Any CPU
		{CBC01FA9-A71D-4009-82F0-7E9B9ECF92F4}.Debug|Any CPU.Build.0 = Debug|Any CPU
		{CBC01FA9-A71D-4009-82F0-7E9B9ECF92F4}.Release|Any CPU.ActiveCfg = Release|Any CPU
		{CBC01FA9-A71D-4009-82F0-7E9B9ECF92F4}.Release|Any CPU.Build.0 = Release|Any CPU
	EndGlobalSection
	GlobalSection(SolutionProperties) = preSolution
		HideSolutionNode = FALSE
	EndGlobalSection
EndGlobal
